
Microsoft Visual Studio Solution File, Format Version 12.00
# Visual Studio Version 17
VisualStudioVersion = 17.7.34221.43
MinimumVisualStudioVersion = 10.0.40219.1
Project("{FAE04EC0-301F-11D3-BF4B-00C04F79EFBC}") = "ProjetoTeste", "ProjetoTeste.csproj", "{65708899-BEA0-456D-8939-71146B3353F2}"
EndProject
Global
	GlobalSection(SolutionConfigurationPlatforms) = preSolution
		Debug|Any CPU = Debug|Any CPU
		Release|Any CPU = Release|Any CPU
	EndGlobalSection
	GlobalSection(ProjectConfigurationPlatforms) = postSolution
		{65708899-BEA0-456D-8939-71146B3353F2}.Debug|Any CPU.ActiveCfg = Debug|Any CPU
		{65708899-BEA0-456D-8939-71146B3353F2}.Debug|Any CPU.Build.0 = Debug|Any CPU
		{65708899-BEA0-456D-8939-71146B3353F2}.Release|Any CPU.ActiveCfg = Release|Any CPU
		{65708899-BEA0-456D-8939-71146B3353F2}.Release|Any CPU.Build.0 = Release|Any CPU
	EndGlobalSection
	GlobalSection(SolutionProperties) = preSolution
		HideSolutionNode = FALSE
	EndGlobalSection
	GlobalSection(ExtensibilityGlobals) = postSolution
		SolutionGuid = {ED2118D6-D6B0-4D51-A0B8-A2EF18857E23}
	EndGlobalSection
EndGlobal
